("quicklisp" .
 (:class qlot.source.ql:source-ql-all
  :initargs (:distribution "http://beta.quicklisp.org/dist/quicklisp.txt" :%version :latest)
  :version "2020-07-15"))
("ps-experiment" .
 (:class qlot.source.github:source-github
  :initargs (:project-name "ps-experiment" :repos "eshamster/ps-experiment" :ref nil :branch nil :tag nil)
  :version "github-4aeaf87d0f08a4fcac6f190c2c809d14b094a7e5"
  :repos "eshamster/ps-experiment"
  :url "https://github.com/eshamster/ps-experiment/archive/4aeaf87d0f08a4fcac6f190c2c809d14b094a7e5.tar.gz"
  :ref "4aeaf87d0f08a4fcac6f190c2c809d14b094a7e5"))
("cl-ps-ecs" .
 (:class qlot.source.github:source-github
  :initargs (:project-name "cl-ps-ecs" :repos "eshamster/cl-ps-ecs" :ref nil :branch nil :tag nil)
  :version "github-49a54b43d19cb1ef307dbe5ebe75f77e7e166f38"
  :repos "eshamster/cl-ps-ecs"
  :url "https://github.com/eshamster/cl-ps-ecs/archive/49a54b43d19cb1ef307dbe5ebe75f77e7e166f38.tar.gz"
  :ref "49a54b43d19cb1ef307dbe5ebe75f77e7e166f38"))
("cl-csr" .
 (:class qlot.source.github:source-github
  :initargs (:project-name "cl-csr" :repos "eshamster/cl-csr" :ref nil :branch nil :tag nil)
  :version "github-1c0262a2b372cbd82255237ba2f7b617d99ce38e"
  :repos "eshamster/cl-csr"
  :url "https://github.com/eshamster/cl-csr/archive/1c0262a2b372cbd82255237ba2f7b617d99ce38e.tar.gz"
  :ref "1c0262a2b372cbd82255237ba2f7b617d99ce38e"))
("cl-csr-2d-game" .
 (:class qlot.source.github:source-github
  :initargs (:project-name "cl-csr-2d-game" :repos "eshamster/cl-csr-2d-game" :ref nil :branch nil :tag nil)
  :version "github-bbe1b520c97ea0a2def2d82bee509444f6afe1d2"
  :repos "eshamster/cl-csr-2d-game"
  :url "https://github.com/eshamster/cl-csr-2d-game/archive/bbe1b520c97ea0a2def2d82bee509444f6afe1d2.tar.gz"
  :ref "bbe1b520c97ea0a2def2d82bee509444f6afe1d2"))
