("quicklisp" .
 (:class qlot.source.ql:source-ql-all
  :initargs (:distribution "http://beta.quicklisp.org/dist/quicklisp.txt" :%version :latest)
  :version "2019-08-13"))
("ps-experiment" .
 (:class qlot.source.github:source-github
  :initargs (:project-name "ps-experiment" :repos "eshamster/ps-experiment" :ref nil :branch nil :tag nil)
  :version "github-ede4f0ade50a125c3524b138e561ed9e9830dd03"
  :repos "eshamster/ps-experiment"
  :url "https://github.com/eshamster/ps-experiment/archive/ede4f0ade50a125c3524b138e561ed9e9830dd03.tar.gz"
  :ref "ede4f0ade50a125c3524b138e561ed9e9830dd03"))
("cl-ps-ecs" .
 (:class qlot.source.github:source-github
  :initargs (:project-name "cl-ps-ecs" :repos "eshamster/cl-ps-ecs" :ref nil :branch nil :tag nil)
  :version "github-16400d8b883dcf00fcd0d4a093974e6f15bb7eb7"
  :repos "eshamster/cl-ps-ecs"
  :url "https://github.com/eshamster/cl-ps-ecs/archive/16400d8b883dcf00fcd0d4a093974e6f15bb7eb7.tar.gz"
  :ref "16400d8b883dcf00fcd0d4a093974e6f15bb7eb7"))
("proto-cl-client-side-rendering" .
 (:class qlot.source.github:source-github
  :initargs (:project-name "proto-cl-client-side-rendering" :repos "eshamster/proto-cl-client-side-rendering" :ref nil :branch nil :tag nil)
  :version "github-e14274fd7cc105d6bba21cf47abac8c7deade860"
  :repos "eshamster/proto-cl-client-side-rendering"
  :url "https://github.com/eshamster/proto-cl-client-side-rendering/archive/e14274fd7cc105d6bba21cf47abac8c7deade860.tar.gz"
  :ref "e14274fd7cc105d6bba21cf47abac8c7deade860"))
("cl-csr-2d-game" .
 (:class qlot.source.github:source-github
  :initargs (:project-name "cl-csr-2d-game" :repos "eshamster/cl-csr-2d-game" :ref nil :branch nil :tag nil)
  :version "github-878d4aaae2c51f848effb348389208af6aa6b0e5"
  :repos "eshamster/cl-csr-2d-game"
  :url "https://github.com/eshamster/cl-csr-2d-game/archive/878d4aaae2c51f848effb348389208af6aa6b0e5.tar.gz"
  :ref "878d4aaae2c51f848effb348389208af6aa6b0e5"))
